# THIS IS AN AUTOGENERATED FILE. DO NOT EDIT THIS FILE DIRECTLY.
# yarn lockfile v1


aws-v4-sign-small@^1.1.1:
  version "1.1.1"
  resolved "https://registry.yarnpkg.com/aws-v4-sign-small/-/aws-v4-sign-small-1.1.1.tgz#37824cc336e23056ba9bd2d2d31e9d0ac79420d8"
  dependencies:
    crypto-js "^3.1.5"
    strict-uri-encode "^1.0.2"

axios@^0.18.0:
  version "0.18.0"
  resolved "https://registry.yarnpkg.com/axios/-/axios-0.18.0.tgz#32d53e4851efdc0a11993b6cd000789d70c05102"
  dependencies:
    follow-redirects "^1.3.0"
    is-buffer "^1.1.5"

bluebird@^3.5.1:
  version "3.5.1"
  resolved "https://registry.yarnpkg.com/bluebird/-/bluebird-3.5.1.tgz#d9551f9de98f1fcda1e683d17ee91a0602ee2eb9"

crypto-js@^3.1.5:
  version "3.1.8"
  resolved "https://registry.yarnpkg.com/crypto-js/-/crypto-js-3.1.8.tgz#715f070bf6014f2ae992a98b3929258b713f08d5"

debug@^3.1.0:
  version "3.1.0"
  resolved "https://registry.yarnpkg.com/debug/-/debug-3.1.0.tgz#5bb5a0672628b64149566ba16819e61518c67261"
  dependencies:
    ms "2.0.0"

follow-redirects@^1.3.0:
  version "1.5.0"
  resolved "https://registry.yarnpkg.com/follow-redirects/-/follow-redirects-1.5.0.tgz#234f49cf770b7f35b40e790f636ceba0c3a0ab77"
  dependencies:
    debug "^3.1.0"

is-buffer@^1.1.5:
  version "1.1.6"
  resolved "https://registry.yarnpkg.com/is-buffer/-/is-buffer-1.1.6.tgz#efaa2ea9daa0d7ab2ea13a97b2b8ad51fefbe8be"

moment@^2.22.2:
  version "2.22.2"
  resolved "https://registry.yarnpkg.com/moment/-/moment-2.22.2.tgz#3c257f9839fc0e93ff53149632239eb90783ff66"

ms@2.0.0:
  version "2.0.0"
  resolved "https://registry.yarnpkg.com/ms/-/ms-2.0.0.tgz#5608aeadfc00be6c2901df5f9861788de0d597c8"

strict-uri-encode@^1.0.2:
  version "1.1.0"
  resolved "https://registry.yarnpkg.com/strict-uri-encode/-/strict-uri-encode-1.1.0.tgz#279b225df1d582b1f54e65addd4352e18faa0713"

wicket@^1.3.3:
  version "1.3.3"
  resolved "https://registry.yarnpkg.com/wicket/-/wicket-1.3.3.tgz#0e973fd0a087184e922a4e5ce1265472f98f848a"
